PODS:
  - MurmurHash-Swift (1.0.12)

DEPENDENCIES:
  - MurmurHash-Swift (from `../../`)

EXTERNAL SOURCES:
  MurmurHash-Swift:
    :path: "../../"

SPEC CHECKSUMS:
  MurmurHash-Swift: fe5a965dd03e824adbefcfbb76373241c10a4746

PODFILE CHECKSUM: 43de0cc08e9e50a3d4efc4321ceeaa6f50e10908

COCOAPODS: 1.6.1
