PODS:
  - MurmurHash-Swift (1.1.1)

DEPENDENCIES:
  - MurmurHash-Swift (from `../../`)

EXTERNAL SOURCES:
  MurmurHash-Swift:
    :path: "../../"

SPEC CHECKSUMS:
  MurmurHash-Swift: 3c85f1e1762538b4d59e4024f1d39560f29ffda1

PODFILE CHECKSUM: 43de0cc08e9e50a3d4efc4321ceeaa6f50e10908

COCOAPODS: 1.11.0
