PODS:
  - MurmurHash-Swift (1.0.2)

DEPENDENCIES:
  - MurmurHash-Swift (from `../../`)

EXTERNAL SOURCES:
  MurmurHash-Swift:
    :path: "../../"

SPEC CHECKSUMS:
  MurmurHash-Swift: 2105936cbdef92f260708845886a28a47c2181b7

PODFILE CHECKSUM: 43de0cc08e9e50a3d4efc4321ceeaa6f50e10908

COCOAPODS: 1.6.0
