PODS:
  - MurmurHash-Swift (1.0.11)

DEPENDENCIES:
  - MurmurHash-Swift (from `../../`)

EXTERNAL SOURCES:
  MurmurHash-Swift:
    :path: "../../"

SPEC CHECKSUMS:
  MurmurHash-Swift: 916d2d476235c4e422d71f279778491b449dfa8f

PODFILE CHECKSUM: 7586ba04d7c7e25ed06acab50128f431428e7152

COCOAPODS: 1.6.0
