PODS:
  - MurmurHash-Swift (1.0.13)

DEPENDENCIES:
  - MurmurHash-Swift (from `../../`)

EXTERNAL SOURCES:
  MurmurHash-Swift:
    :path: "../../"

SPEC CHECKSUMS:
  MurmurHash-Swift: ea96df4ff29458af4e4b74e407992ff77b731ecc

PODFILE CHECKSUM: 7586ba04d7c7e25ed06acab50128f431428e7152

COCOAPODS: 1.6.1
