PODS:
  - MurmurHash-Swift (1.0.1)

DEPENDENCIES:
  - MurmurHash-Swift (from `../../`)

EXTERNAL SOURCES:
  MurmurHash-Swift:
    :path: "../../"

SPEC CHECKSUMS:
  MurmurHash-Swift: 2d54c9270b97c9ee4f2cdcbe07db7e9d9e54ac75

PODFILE CHECKSUM: 7586ba04d7c7e25ed06acab50128f431428e7152

COCOAPODS: 1.6.0
