// !$*UTF8*$!
{
	archiveVersion = 1;
	classes = {
	};
	objectVersion = 51;
	objects = {

/* Begin PBXBuildFile section */
		026E343C221BF14A008A8531 /* Common.swift in Sources */ = {isa = PBXBuildFile; fileRef = 026E343B221BF149008A8531 /* Common.swift */; };
		0290FBE5220C0E990076E82F /* AppDelegate.swift in Sources */ = {isa = PBXBuildFile; fileRef = 0290FBE4220C0E990076E82F /* AppDelegate.swift */; };
		0290FBE7220C0E990076E82F /* ViewController.swift in Sources */ = {isa = PBXBuildFile; fileRef = 0290FBE6220C0E990076E82F /* ViewController.swift */; };
		0290FBEA220C0E990076E82F /* Main.storyboard in Resources */ = {isa = PBXBuildFile; fileRef = 0290FBE8220C0E990076E82F /* Main.storyboard */; };
		0290FBEC220C0E9E0076E82F /* Assets.xcassets in Resources */ = {isa = PBXBuildFile; fileRef = 0290FBEB220C0E9E0076E82F /* Assets.xcassets */; };
		0290FBEF220C0E9E0076E82F /* LaunchScreen.storyboard in Resources */ = {isa = PBXBuildFile; fileRef = 0290FBED220C0E9E0076E82F /* LaunchScreen.storyboard */; };
		37811CC95DEB6E048BED7B53 /* Pods_MurmurHashDemoiOS.framework in Frameworks */ = {isa = PBXBuildFile; fileRef = 9C36D00D75D7E3FAAEAAF09D /* Pods_MurmurHashDemoiOS.framework */; };
		7EC8133F2219D5BB00786650 /* alice29.txt in Resources */ = {isa = PBXBuildFile; fileRef = 7EC8133E2219D5BB00786650 /* alice29.txt */; };
/* End PBXBuildFile section */

/* Begin PBXFileReference section */
		026E343B221BF149008A8531 /* Common.swift */ = {isa = PBXFileReference; fileEncoding = 4; lastKnownFileType = sourcecode.swift; name = Common.swift; path = ../../Common.swift; sourceTree = "<group>"; };
		0290FBE1220C0E990076E82F /* MurmurHashDemoiOS.app */ = {isa = PBXFileReference; explicitFileType = wrapper.application; includeInIndex = 0; path = MurmurHashDemoiOS.app; sourceTree = BUILT_PRODUCTS_DIR; };
		0290FBE4220C0E990076E82F /* AppDelegate.swift */ = {isa = PBXFileReference; lastKnownFileType = sourcecode.swift; path = AppDelegate.swift; sourceTree = "<group>"; };
		0290FBE6220C0E990076E82F /* ViewController.swift */ = {isa = PBXFileReference; lastKnownFileType = sourcecode.swift; path = ViewController.swift; sourceTree = "<group>"; };
		0290FBE9220C0E990076E82F /* Base */ = {isa = PBXFileReference; lastKnownFileType = file.storyboard; name = Base; path = Base.lproj/Main.storyboard; sourceTree = "<group>"; };
		0290FBEB220C0E9E0076E82F /* Assets.xcassets */ = {isa = PBXFileReference; lastKnownFileType = folder.assetcatalog; path = Assets.xcassets; sourceTree = "<group>"; };
		0290FBEE220C0E9E0076E82F /* Base */ = {isa = PBXFileReference; lastKnownFileType = file.storyboard; name = Base; path = Base.lproj/LaunchScreen.storyboard; sourceTree = "<group>"; };
		0290FBF0220C0E9E0076E82F /* Info.plist */ = {isa = PBXFileReference; lastKnownFileType = text.plist.xml; path = Info.plist; sourceTree = "<group>"; };
		4C66CA901BF49505892FF5F7 /* Pods-MurmurHashDemoiOS.release.xcconfig */ = {isa = PBXFileReference; includeInIndex = 1; lastKnownFileType = text.xcconfig; name = "Pods-MurmurHashDemoiOS.release.xcconfig"; path = "Target Support Files/Pods-MurmurHashDemoiOS/Pods-MurmurHashDemoiOS.release.xcconfig"; sourceTree = "<group>"; };
		7EC8133E2219D5BB00786650 /* alice29.txt */ = {isa = PBXFileReference; fileEncoding = 4; lastKnownFileType = text; path = alice29.txt; sourceTree = "<group>"; };
		9C36D00D75D7E3FAAEAAF09D /* Pods_MurmurHashDemoiOS.framework */ = {isa = PBXFileReference; explicitFileType = wrapper.framework; includeInIndex = 0; path = Pods_MurmurHashDemoiOS.framework; sourceTree = BUILT_PRODUCTS_DIR; };
		F0FE0C50D95389D80F9E16F1 /* Pods-MurmurHashDemoiOS.debug.xcconfig */ = {isa = PBXFileReference; includeInIndex = 1; lastKnownFileType = text.xcconfig; name = "Pods-MurmurHashDemoiOS.debug.xcconfig"; path = "Target Support Files/Pods-MurmurHashDemoiOS/Pods-MurmurHashDemoiOS.debug.xcconfig"; sourceTree = "<group>"; };
/* End PBXFileReference section */

/* Begin PBXFrameworksBuildPhase section */
		0290FBDE220C0E990076E82F /* Frameworks */ = {
			isa = PBXFrameworksBuildPhase;
			buildActionMask = 2147483647;
			files = (
				37811CC95DEB6E048BED7B53 /* Pods_MurmurHashDemoiOS.framework in Frameworks */,
			);
			runOnlyForDeploymentPostprocessing = 0;
		};
/* End PBXFrameworksBuildPhase section */

/* Begin PBXGroup section */
		0290FBD8220C0E990076E82F = {
			isa = PBXGroup;
			children = (
				0290FBE3220C0E990076E82F /* MurmurHashDemoiOS */,
				0290FBE2220C0E990076E82F /* Products */,
				7B51B18AFD65BACE9E390312 /* Pods */,
				2DB4E992FBD35CD24DB6453A /* Frameworks */,
			);
			sourceTree = "<group>";
		};
		0290FBE2220C0E990076E82F /* Products */ = {
			isa = PBXGroup;
			children = (
				0290FBE1220C0E990076E82F /* MurmurHashDemoiOS.app */,
			);
			name = Products;
			sourceTree = "<group>";
		};
		0290FBE3220C0E990076E82F /* MurmurHashDemoiOS */ = {
			isa = PBXGroup;
			children = (
				026E343B221BF149008A8531 /* Common.swift */,
				0290FBE4220C0E990076E82F /* AppDelegate.swift */,
				0290FBE6220C0E990076E82F /* ViewController.swift */,
				0290FBE8220C0E990076E82F /* Main.storyboard */,
				0290FBEB220C0E9E0076E82F /* Assets.xcassets */,
				0290FBED220C0E9E0076E82F /* LaunchScreen.storyboard */,
				0290FBF0220C0E9E0076E82F /* Info.plist */,
				7EC8133E2219D5BB00786650 /* alice29.txt */,
			);
			path = MurmurHashDemoiOS;
			sourceTree = "<group>";
		};
		2DB4E992FBD35CD24DB6453A /* Frameworks */ = {
			isa = PBXGroup;
			children = (
				9C36D00D75D7E3FAAEAAF09D /* Pods_MurmurHashDemoiOS.framework */,
			);
			name = Frameworks;
			sourceTree = "<group>";
		};
		7B51B18AFD65BACE9E390312 /* Pods */ = {
			isa = PBXGroup;
			children = (
				F0FE0C50D95389D80F9E16F1 /* Pods-MurmurHashDemoiOS.debug.xcconfig */,
				4C66CA901BF49505892FF5F7 /* Pods-MurmurHashDemoiOS.release.xcconfig */,
			);
			path = Pods;
			sourceTree = "<group>";
		};
/* End PBXGroup section */

/* Begin PBXNativeTarget section */
		0290FBE0220C0E990076E82F /* MurmurHashDemoiOS */ = {
			isa = PBXNativeTarget;
			buildConfigurationList = 0290FBF3220C0E9E0076E82F /* Build configuration list for PBXNativeTarget "MurmurHashDemoiOS" */;
			buildPhases = (
				1E4F31012885EA3110EE2C65 /* [CP] Check Pods Manifest.lock */,
				0290FBDD220C0E990076E82F /* Sources */,
				0290FBDE220C0E990076E82F /* Frameworks */,
				0290FBDF220C0E990076E82F /* Resources */,
				4ED02FFE711488D3E0B35D4B /* [CP] Embed Pods Frameworks */,
			);
			buildRules = (
			);
			dependencies = (
			);
			name = MurmurHashDemoiOS;
			productName = MurmurHashDemoiOS;
			productReference = 0290FBE1220C0E990076E82F /* MurmurHashDemoiOS.app */;
			productType = "com.apple.product-type.application";
		};
/* End PBXNativeTarget section */

/* Begin PBXProject section */
		0290FBD9220C0E990076E82F /* Project object */ = {
			isa = PBXProject;
			attributes = {
				LastSwiftUpdateCheck = 1010;
				LastUpgradeCheck = 1200;
				ORGANIZATIONNAME = MurmurHashDemoiOS;
				TargetAttributes = {
					0290FBE0220C0E990076E82F = {
						CreatedOnToolsVersion = 10.1;
						LastSwiftMigration = 1020;
					};
				};
			};
			buildConfigurationList = 0290FBDC220C0E990076E82F /* Build configuration list for PBXProject "MurmurHashDemoiOS" */;
			compatibilityVersion = "Xcode 9.3";
			developmentRegion = en;
			hasScannedForEncodings = 0;
			knownRegions = (
				en,
				Base,
			);
			mainGroup = 0290FBD8220C0E990076E82F;
			productRefGroup = 0290FBE2220C0E990076E82F /* Products */;
			projectDirPath = "";
			projectRoot = "";
			targets = (
				0290FBE0220C0E990076E82F /* MurmurHashDemoiOS */,
			);
		};
/* End PBXProject section */

/* Begin PBXResourcesBuildPhase section */
		0290FBDF220C0E990076E82F /* Resources */ = {
			isa = PBXResourcesBuildPhase;
			buildActionMask = 2147483647;
			files = (
				0290FBEF220C0E9E0076E82F /* LaunchScreen.storyboard in Resources */,
				0290FBEC220C0E9E0076E82F /* Assets.xcassets in Resources */,
				7EC8133F2219D5BB00786650 /* alice29.txt in Resources */,
				0290FBEA220C0E990076E82F /* Main.storyboard in Resources */,
			);
			runOnlyForDeploymentPostprocessing = 0;
		};
/* End PBXResourcesBuildPhase section */

/* Begin PBXShellScriptBuildPhase section */
		1E4F31012885EA3110EE2C65 /* [CP] Check Pods Manifest.lock */ = {
			isa = PBXShellScriptBuildPhase;
			buildActionMask = 2147483647;
			files = (
			);
			inputFileListPaths = (
			);
			inputPaths = (
				"${PODS_PODFILE_DIR_PATH}/Podfile.lock",
				"${PODS_ROOT}/Manifest.lock",
			);
			name = "[CP] Check Pods Manifest.lock";
			outputFileListPaths = (
			);
			outputPaths = (
				"$(DERIVED_FILE_DIR)/Pods-MurmurHashDemoiOS-checkManifestLockResult.txt",
			);
			runOnlyForDeploymentPostprocessing = 0;
			shellPath = /bin/sh;
			shellScript = "diff \"${PODS_PODFILE_DIR_PATH}/Podfile.lock\" \"${PODS_ROOT}/Manifest.lock\" > /dev/null\nif [ $? != 0 ] ; then\n    # print error to STDERR\n    echo \"error: The sandbox is not in sync with the Podfile.lock. Run 'pod install' or update your CocoaPods installation.\" >&2\n    exit 1\nfi\n# This output is used by Xcode 'outputs' to avoid re-running this script phase.\necho \"SUCCESS\" > \"${SCRIPT_OUTPUT_FILE_0}\"\n";
			showEnvVarsInLog = 0;
		};
		4ED02FFE711488D3E0B35D4B /* [CP] Embed Pods Frameworks */ = {
			isa = PBXShellScriptBuildPhase;
			buildActionMask = 2147483647;
			files = (
			);
			inputFileListPaths = (
				"${PODS_ROOT}/Target Support Files/Pods-MurmurHashDemoiOS/Pods-MurmurHashDemoiOS-frameworks-${CONFIGURATION}-input-files.xcfilelist",
			);
			name = "[CP] Embed Pods Frameworks";
			outputFileListPaths = (
				"${PODS_ROOT}/Target Support Files/Pods-MurmurHashDemoiOS/Pods-MurmurHashDemoiOS-frameworks-${CONFIGURATION}-output-files.xcfilelist",
			);
			runOnlyForDeploymentPostprocessing = 0;
			shellPath = /bin/sh;
			shellScript = "\"${PODS_ROOT}/Target Support Files/Pods-MurmurHashDemoiOS/Pods-MurmurHashDemoiOS-frameworks.sh\"\n";
			showEnvVarsInLog = 0;
		};
/* End PBXShellScriptBuildPhase section */

/* Begin PBXSourcesBuildPhase section */
		0290FBDD220C0E990076E82F /* Sources */ = {
			isa = PBXSourcesBuildPhase;
			buildActionMask = 2147483647;
			files = (
				0290FBE7220C0E990076E82F /* ViewController.swift in Sources */,
				026E343C221BF14A008A8531 /* Common.swift in Sources */,
				0290FBE5220C0E990076E82F /* AppDelegate.swift in Sources */,
			);
			runOnlyForDeploymentPostprocessing = 0;
		};
/* End PBXSourcesBuildPhase section */

/* Begin PBXVariantGroup section */
		0290FBE8220C0E990076E82F /* Main.storyboard */ = {
			isa = PBXVariantGroup;
			children = (
				0290FBE9220C0E990076E82F /* Base */,
			);
			name = Main.storyboard;
			sourceTree = "<group>";
		};
		0290FBED220C0E9E0076E82F /* LaunchScreen.storyboard */ = {
			isa = PBXVariantGroup;
			children = (
				0290FBEE220C0E9E0076E82F /* Base */,
			);
			name = LaunchScreen.storyboard;
			sourceTree = "<group>";
		};
/* End PBXVariantGroup section */

/* Begin XCBuildConfiguration section */
		0290FBF1220C0E9E0076E82F /* Debug */ = {
			isa = XCBuildConfiguration;
			buildSettings = {
				ALWAYS_SEARCH_USER_PATHS = NO;
				CLANG_ANALYZER_NONNULL = YES;
				CLANG_ANALYZER_NUMBER_OBJECT_CONVERSION = YES_AGGRESSIVE;
				CLANG_CXX_LANGUAGE_STANDARD = "gnu++14";
				CLANG_CXX_LIBRARY = "libc++";
				CLANG_ENABLE_MODULES = YES;
				CLANG_ENABLE_OBJC_ARC = YES;
				CLANG_ENABLE_OBJC_WEAK = YES;
				CLANG_WARN_BLOCK_CAPTURE_AUTORELEASING = YES;
				CLANG_WARN_BOOL_CONVERSION = YES;
				CLANG_WARN_COMMA = YES;
				CLANG_WARN_CONSTANT_CONVERSION = YES;
				CLANG_WARN_DEPRECATED_OBJC_IMPLEMENTATIONS = YES;
				CLANG_WARN_DIRECT_OBJC_ISA_USAGE = YES_ERROR;
				CLANG_WARN_DOCUMENTATION_COMMENTS = YES;
				CLANG_WARN_EMPTY_BODY = YES;
				CLANG_WARN_ENUM_CONVERSION = YES;
				CLANG_WARN_INFINITE_RECURSION = YES;
				CLANG_WARN_INT_CONVERSION = YES;
				CLANG_WARN_NON_LITERAL_NULL_CONVERSION = YES;
				CLANG_WARN_OBJC_IMPLICIT_RETAIN_SELF = YES;
				CLANG_WARN_OBJC_LITERAL_CONVERSION = YES;
				CLANG_WARN_OBJC_ROOT_CLASS = YES_ERROR;
				CLANG_WARN_QUOTED_INCLUDE_IN_FRAMEWORK_HEADER = YES;
				CLANG_WARN_RANGE_LOOP_ANALYSIS = YES;
				CLANG_WARN_STRICT_PROTOTYPES = YES;
				CLANG_WARN_SUSPICIOUS_MOVE = YES;
				CLANG_WARN_UNGUARDED_AVAILABILITY = YES_AGGRESSIVE;
				CLANG_WARN_UNREACHABLE_CODE = YES;
				CLANG_WARN__DUPLICATE_METHOD_MATCH = YES;
				CODE_SIGN_IDENTITY = "iPhone Developer";
				COPY_PHASE_STRIP = NO;
				DEBUG_INFORMATION_FORMAT = dwarf;
				ENABLE_STRICT_OBJC_MSGSEND = YES;
				ENABLE_TESTABILITY = YES;
				GCC_C_LANGUAGE_STANDARD = gnu11;
				GCC_DYNAMIC_NO_PIC = NO;
				GCC_NO_COMMON_BLOCKS = YES;
				GCC_OPTIMIZATION_LEVEL = 0;
				GCC_PREPROCESSOR_DEFINITIONS = (
					"DEBUG=1",
					"$(inherited)",
				);
				GCC_WARN_64_TO_32_BIT_CONVERSION = YES;
				GCC_WARN_ABOUT_RETURN_TYPE = YES_ERROR;
				GCC_WARN_UNDECLARED_SELECTOR = YES;
				GCC_WARN_UNINITIALIZED_AUTOS = YES_AGGRESSIVE;
				GCC_WARN_UNUSED_FUNCTION = YES;
				GCC_WARN_UNUSED_VARIABLE = YES;
				IPHONEOS_DEPLOYMENT_TARGET = 12.1;
				MTL_ENABLE_DEBUG_INFO = INCLUDE_SOURCE;
				MTL_FAST_MATH = YES;
				ONLY_ACTIVE_ARCH = YES;
				SDKROOT = iphoneos;
				SWIFT_ACTIVE_COMPILATION_CONDITIONS = DEBUG;
				SWIFT_OPTIMIZATION_LEVEL = "-Onone";
			};
			name = Debug;
		};
		0290FBF2220C0E9E0076E82F /* Release */ = {
			isa = XCBuildConfiguration;
			buildSettings = {
				ALWAYS_SEARCH_USER_PATHS = NO;
				CLANG_ANALYZER_NONNULL = YES;
				CLANG_ANALYZER_NUMBER_OBJECT_CONVERSION = YES_AGGRESSIVE;
				CLANG_CXX_LANGUAGE_STANDARD = "gnu++14";
				CLANG_CXX_LIBRARY = "libc++";
				CLANG_ENABLE_MODULES = YES;
				CLANG_ENABLE_OBJC_ARC = YES;
				CLANG_ENABLE_OBJC_WEAK = YES;
				CLANG_WARN_BLOCK_CAPTURE_AUTORELEASING = YES;
				CLANG_WARN_BOOL_CONVERSION = YES;
				CLANG_WARN_COMMA = YES;
				CLANG_WARN_CONSTANT_CONVERSION = YES;
				CLANG_WARN_DEPRECATED_OBJC_IMPLEMENTATIONS = YES;
				CLANG_WARN_DIRECT_OBJC_ISA_USAGE = YES_ERROR;
				CLANG_WARN_DOCUMENTATION_COMMENTS = YES;
				CLANG_WARN_EMPTY_BODY = YES;
				CLANG_WARN_ENUM_CONVERSION = YES;
				CLANG_WARN_INFINITE_RECURSION = YES;
				CLANG_WARN_INT_CONVERSION = YES;
				CLANG_WARN_NON_LITERAL_NULL_CONVERSION = YES;
				CLANG_WARN_OBJC_IMPLICIT_RETAIN_SELF = YES;
				CLANG_WARN_OBJC_LITERAL_CONVERSION = YES;
				CLANG_WARN_OBJC_ROOT_CLASS = YES_ERROR;
				CLANG_WARN_QUOTED_INCLUDE_IN_FRAMEWORK_HEADER = YES;
				CLANG_WARN_RANGE_LOOP_ANALYSIS = YES;
				CLANG_WARN_STRICT_PROTOTYPES = YES;
				CLANG_WARN_SUSPICIOUS_MOVE = YES;
				CLANG_WARN_UNGUARDED_AVAILABILITY = YES_AGGRESSIVE;
				CLANG_WARN_UNREACHABLE_CODE = YES;
				CLANG_WARN__DUPLICATE_METHOD_MATCH = YES;
				CODE_SIGN_IDENTITY = "iPhone Developer";
				COPY_PHASE_STRIP = NO;
				DEBUG_INFORMATION_FORMAT = "dwarf-with-dsym";
				ENABLE_NS_ASSERTIONS = NO;
				ENABLE_STRICT_OBJC_MSGSEND = YES;
				GCC_C_LANGUAGE_STANDARD = gnu11;
				GCC_NO_COMMON_BLOCKS = YES;
				GCC_WARN_64_TO_32_BIT_CONVERSION = YES;
				GCC_WARN_ABOUT_RETURN_TYPE = YES_ERROR;
				GCC_WARN_UNDECLARED_SELECTOR = YES;
				GCC_WARN_UNINITIALIZED_AUTOS = YES_AGGRESSIVE;
				GCC_WARN_UNUSED_FUNCTION = YES;
				GCC_WARN_UNUSED_VARIABLE = YES;
				IPHONEOS_DEPLOYMENT_TARGET = 12.1;
				MTL_ENABLE_DEBUG_INFO = NO;
				MTL_FAST_MATH = YES;
				SDKROOT = iphoneos;
				SWIFT_COMPILATION_MODE = wholemodule;
				SWIFT_OPTIMIZATION_LEVEL = "-O";
				VALIDATE_PRODUCT = YES;
			};
			name = Release;
		};
		0290FBF4220C0E9E0076E82F /* Debug */ = {
			isa = XCBuildConfiguration;
			baseConfigurationReference = F0FE0C50D95389D80F9E16F1 /* Pods-MurmurHashDemoiOS.debug.xcconfig */;
			buildSettings = {
				ASSETCATALOG_COMPILER_APPICON_NAME = AppIcon;
				CODE_SIGN_STYLE = Automatic;
				INFOPLIST_FILE = MurmurHashDemoiOS/Info.plist;
				LD_RUNPATH_SEARCH_PATHS = (
					"$(inherited)",
					"@executable_path/Frameworks",
				);
				PRODUCT_BUNDLE_IDENTIFIER = com.MurmurHashDemoiOS.MurmurHashDemoiOS;
				PRODUCT_NAME = "$(TARGET_NAME)";
				SWIFT_VERSION = 5.0;
				TARGETED_DEVICE_FAMILY = "1,2";
			};
			name = Debug;
		};
		0290FBF5220C0E9E0076E82F /* Release */ = {
			isa = XCBuildConfiguration;
			baseConfigurationReference = 4C66CA901BF49505892FF5F7 /* Pods-MurmurHashDemoiOS.release.xcconfig */;
			buildSettings = {
				ASSETCATALOG_COMPILER_APPICON_NAME = AppIcon;
				CODE_SIGN_STYLE = Automatic;
				INFOPLIST_FILE = MurmurHashDemoiOS/Info.plist;
				LD_RUNPATH_SEARCH_PATHS = (
					"$(inherited)",
					"@executable_path/Frameworks",
				);
				PRODUCT_BUNDLE_IDENTIFIER = com.MurmurHashDemoiOS.MurmurHashDemoiOS;
				PRODUCT_NAME = "$(TARGET_NAME)";
				SWIFT_VERSION = 5.0;
				TARGETED_DEVICE_FAMILY = "1,2";
			};
			name = Release;
		};
/* End XCBuildConfiguration section */

/* Begin XCConfigurationList section */
		0290FBDC220C0E990076E82F /* Build configuration list for PBXProject "MurmurHashDemoiOS" */ = {
			isa = XCConfigurationList;
			buildConfigurations = (
				0290FBF1220C0E9E0076E82F /* Debug */,
				0290FBF2220C0E9E0076E82F /* Release */,
			);
			defaultConfigurationIsVisible = 0;
			defaultConfigurationName = Release;
		};
		0290FBF3220C0E9E0076E82F /* Build configuration list for PBXNativeTarget "MurmurHashDemoiOS" */ = {
			isa = XCConfigurationList;
			buildConfigurations = (
				0290FBF4220C0E9E0076E82F /* Debug */,
				0290FBF5220C0E9E0076E82F /* Release */,
			);
			defaultConfigurationIsVisible = 0;
			defaultConfigurationName = Release;
		};
/* End XCConfigurationList section */
	};
	rootObject = 0290FBD9220C0E990076E82F /* Project object */;
}
