PODS:
  - MurmurHash-Swift (1.0.12)

DEPENDENCIES:
  - MurmurHash-Swift (from `../../`)

EXTERNAL SOURCES:
  MurmurHash-Swift:
    :path: "../../"

SPEC CHECKSUMS:
  MurmurHash-Swift: fe5a965dd03e824adbefcfbb76373241c10a4746

PODFILE CHECKSUM: fbd6152bac18e2f0984e86e52ff13e5f9b0e1d32

COCOAPODS: 1.6.1
