PODS:
  - MurmurHash-Swift (1.0.7)

DEPENDENCIES:
  - MurmurHash-Swift (from `../../`)

EXTERNAL SOURCES:
  MurmurHash-Swift:
    :path: "../../"

SPEC CHECKSUMS:
  MurmurHash-Swift: 60863a60c206448b63b4cf2087173c411078bc47

PODFILE CHECKSUM: fbd6152bac18e2f0984e86e52ff13e5f9b0e1d32

COCOAPODS: 1.6.0
