PODS:
  - MurmurHash-Swift (1.0.7)

DEPENDENCIES:
  - MurmurHash-Swift (from `../../`)

EXTERNAL SOURCES:
  MurmurHash-Swift:
    :path: "../../"

SPEC CHECKSUMS:
  MurmurHash-Swift: 95c480899ad434e8a0c8c7b54a910af2ac4f1ca7

PODFILE CHECKSUM: fbd6152bac18e2f0984e86e52ff13e5f9b0e1d32

COCOAPODS: 1.6.0
