// !$*UTF8*$!
{
	archiveVersion = 1;
	classes = {
	};
	objectVersion = 50;
	objects = {

/* Begin PBXBuildFile section */
		0290FBB9220C01610076E82F /* MurmurHash.h in Headers */ = {isa = PBXBuildFile; fileRef = 029CB1FA220A9D6C00FA2648 /* MurmurHash.h */; settings = {ATTRIBUTES = (Public, ); }; };
		0290FBBB220C01610076E82F /* MurmurHash3.swift in Sources */ = {isa = PBXBuildFile; fileRef = 029CB202220A9D8100FA2648 /* MurmurHash3.swift */; };
		0290FBC7220C03F40076E82F /* MurmurHashTests.swift in Sources */ = {isa = PBXBuildFile; fileRef = 029CB20C220ACBD200FA2648 /* MurmurHashTests.swift */; };
		0290FBD5220C0A7F0076E82F /* MurmurHash.framework in Frameworks */ = {isa = PBXBuildFile; fileRef = 0290FBC1220C01610076E82F /* MurmurHash.framework */; };
		029CB1FC220A9D6C00FA2648 /* MurmurHash.h in Headers */ = {isa = PBXBuildFile; fileRef = 029CB1FA220A9D6C00FA2648 /* MurmurHash.h */; settings = {ATTRIBUTES = (Public, ); }; };
		029CB203220A9D8100FA2648 /* MurmurHash3.swift in Sources */ = {isa = PBXBuildFile; fileRef = 029CB202220A9D8100FA2648 /* MurmurHash3.swift */; };
		029CB20D220ACBD200FA2648 /* MurmurHashTests.swift in Sources */ = {isa = PBXBuildFile; fileRef = 029CB20C220ACBD200FA2648 /* MurmurHashTests.swift */; };
		029CB20F220ACBD200FA2648 /* MurmurHash.framework in Frameworks */ = {isa = PBXBuildFile; fileRef = 029CB1F7220A9D6C00FA2648 /* MurmurHash.framework */; };
/* End PBXBuildFile section */

/* Begin PBXContainerItemProxy section */
		0290FBD2220C06090076E82F /* PBXContainerItemProxy */ = {
			isa = PBXContainerItemProxy;
			containerPortal = 029CB1EE220A9D6C00FA2648 /* Project object */;
			proxyType = 1;
			remoteGlobalIDString = 0290FBB7220C01610076E82F;
			remoteInfo = "MurmurHash-macOS";
		};
		029CB210220ACBD200FA2648 /* PBXContainerItemProxy */ = {
			isa = PBXContainerItemProxy;
			containerPortal = 029CB1EE220A9D6C00FA2648 /* Project object */;
			proxyType = 1;
			remoteGlobalIDString = 029CB1F6220A9D6C00FA2648;
			remoteInfo = MurmurHash;
		};
/* End PBXContainerItemProxy section */

/* Begin PBXFileReference section */
		0290FBC1220C01610076E82F /* MurmurHash.framework */ = {isa = PBXFileReference; explicitFileType = wrapper.framework; includeInIndex = 0; path = MurmurHash.framework; sourceTree = BUILT_PRODUCTS_DIR; };
		0290FBCE220C03F40076E82F /* MurmurHashTests-macOS.xctest */ = {isa = PBXFileReference; explicitFileType = wrapper.cfbundle; includeInIndex = 0; path = "MurmurHashTests-macOS.xctest"; sourceTree = BUILT_PRODUCTS_DIR; };
		029CB1F7220A9D6C00FA2648 /* MurmurHash.framework */ = {isa = PBXFileReference; explicitFileType = wrapper.framework; includeInIndex = 0; path = MurmurHash.framework; sourceTree = BUILT_PRODUCTS_DIR; };
		029CB1FA220A9D6C00FA2648 /* MurmurHash.h */ = {isa = PBXFileReference; lastKnownFileType = sourcecode.c.h; path = MurmurHash.h; sourceTree = "<group>"; };
		029CB1FB220A9D6C00FA2648 /* Info.plist */ = {isa = PBXFileReference; lastKnownFileType = text.plist.xml; path = Info.plist; sourceTree = "<group>"; };
		029CB202220A9D8100FA2648 /* MurmurHash3.swift */ = {isa = PBXFileReference; lastKnownFileType = sourcecode.swift; path = MurmurHash3.swift; sourceTree = "<group>"; };
		029CB20A220ACBD200FA2648 /* MurmurHashTests-iOS.xctest */ = {isa = PBXFileReference; explicitFileType = wrapper.cfbundle; includeInIndex = 0; path = "MurmurHashTests-iOS.xctest"; sourceTree = BUILT_PRODUCTS_DIR; };
		029CB20C220ACBD200FA2648 /* MurmurHashTests.swift */ = {isa = PBXFileReference; lastKnownFileType = sourcecode.swift; path = MurmurHashTests.swift; sourceTree = "<group>"; };
		029CB20E220ACBD200FA2648 /* Info.plist */ = {isa = PBXFileReference; lastKnownFileType = text.plist.xml; path = Info.plist; sourceTree = "<group>"; };
/* End PBXFileReference section */

/* Begin PBXFrameworksBuildPhase section */
		0290FBBC220C01610076E82F /* Frameworks */ = {
			isa = PBXFrameworksBuildPhase;
			buildActionMask = 2147483647;
			files = (
			);
			runOnlyForDeploymentPostprocessing = 0;
		};
		0290FBC8220C03F40076E82F /* Frameworks */ = {
			isa = PBXFrameworksBuildPhase;
			buildActionMask = 2147483647;
			files = (
				0290FBD5220C0A7F0076E82F /* MurmurHash.framework in Frameworks */,
			);
			runOnlyForDeploymentPostprocessing = 0;
		};
		029CB1F4220A9D6C00FA2648 /* Frameworks */ = {
			isa = PBXFrameworksBuildPhase;
			buildActionMask = 2147483647;
			files = (
			);
			runOnlyForDeploymentPostprocessing = 0;
		};
		029CB207220ACBD200FA2648 /* Frameworks */ = {
			isa = PBXFrameworksBuildPhase;
			buildActionMask = 2147483647;
			files = (
				029CB20F220ACBD200FA2648 /* MurmurHash.framework in Frameworks */,
			);
			runOnlyForDeploymentPostprocessing = 0;
		};
/* End PBXFrameworksBuildPhase section */

/* Begin PBXGroup section */
		0290FBD4220C0A7F0076E82F /* Frameworks */ = {
			isa = PBXGroup;
			children = (
			);
			name = Frameworks;
			sourceTree = "<group>";
		};
		029CB1ED220A9D6C00FA2648 = {
			isa = PBXGroup;
			children = (
				029CB1F9220A9D6C00FA2648 /* MurmurHash */,
				029CB20B220ACBD200FA2648 /* MurmurHashTests */,
				029CB1F8220A9D6C00FA2648 /* Products */,
				0290FBD4220C0A7F0076E82F /* Frameworks */,
			);
			sourceTree = "<group>";
		};
		029CB1F8220A9D6C00FA2648 /* Products */ = {
			isa = PBXGroup;
			children = (
				029CB1F7220A9D6C00FA2648 /* MurmurHash.framework */,
				029CB20A220ACBD200FA2648 /* MurmurHashTests-iOS.xctest */,
				0290FBC1220C01610076E82F /* MurmurHash.framework */,
				0290FBCE220C03F40076E82F /* MurmurHashTests-macOS.xctest */,
			);
			name = Products;
			sourceTree = "<group>";
		};
		029CB1F9220A9D6C00FA2648 /* MurmurHash */ = {
			isa = PBXGroup;
			children = (
				029CB1FB220A9D6C00FA2648 /* Info.plist */,
				029CB1FA220A9D6C00FA2648 /* MurmurHash.h */,
				029CB202220A9D8100FA2648 /* MurmurHash3.swift */,
			);
			path = MurmurHash;
			sourceTree = "<group>";
		};
		029CB20B220ACBD200FA2648 /* MurmurHashTests */ = {
			isa = PBXGroup;
			children = (
				029CB20C220ACBD200FA2648 /* MurmurHashTests.swift */,
				029CB20E220ACBD200FA2648 /* Info.plist */,
			);
			path = MurmurHashTests;
			sourceTree = "<group>";
		};
/* End PBXGroup section */

/* Begin PBXHeadersBuildPhase section */
		0290FBB8220C01610076E82F /* Headers */ = {
			isa = PBXHeadersBuildPhase;
			buildActionMask = 2147483647;
			files = (
				0290FBB9220C01610076E82F /* MurmurHash.h in Headers */,
			);
			runOnlyForDeploymentPostprocessing = 0;
		};
		029CB1F2220A9D6C00FA2648 /* Headers */ = {
			isa = PBXHeadersBuildPhase;
			buildActionMask = 2147483647;
			files = (
				029CB1FC220A9D6C00FA2648 /* MurmurHash.h in Headers */,
			);
			runOnlyForDeploymentPostprocessing = 0;
		};
/* End PBXHeadersBuildPhase section */

/* Begin PBXNativeTarget section */
		0290FBB7220C01610076E82F /* MurmurHash-macOS */ = {
			isa = PBXNativeTarget;
			buildConfigurationList = 0290FBBE220C01610076E82F /* Build configuration list for PBXNativeTarget "MurmurHash-macOS" */;
			buildPhases = (
				0290FBB8220C01610076E82F /* Headers */,
				0290FBBA220C01610076E82F /* Sources */,
				0290FBBC220C01610076E82F /* Frameworks */,
				0290FBBD220C01610076E82F /* Resources */,
			);
			buildRules = (
			);
			dependencies = (
			);
			name = "MurmurHash-macOS";
			productName = MurmurHash;
			productReference = 0290FBC1220C01610076E82F /* MurmurHash.framework */;
			productType = "com.apple.product-type.framework";
		};
		0290FBC3220C03F40076E82F /* MurmurHashTests-macOS */ = {
			isa = PBXNativeTarget;
			buildConfigurationList = 0290FBCB220C03F40076E82F /* Build configuration list for PBXNativeTarget "MurmurHashTests-macOS" */;
			buildPhases = (
				0290FBC6220C03F40076E82F /* Sources */,
				0290FBC8220C03F40076E82F /* Frameworks */,
				0290FBCA220C03F40076E82F /* Resources */,
			);
			buildRules = (
			);
			dependencies = (
				0290FBD3220C06090076E82F /* PBXTargetDependency */,
			);
			name = "MurmurHashTests-macOS";
			productName = MurmurHashTests;
			productReference = 0290FBCE220C03F40076E82F /* MurmurHashTests-macOS.xctest */;
			productType = "com.apple.product-type.bundle.unit-test";
		};
		029CB1F6220A9D6C00FA2648 /* MurmurHash-iOS */ = {
			isa = PBXNativeTarget;
			buildConfigurationList = 029CB1FF220A9D6C00FA2648 /* Build configuration list for PBXNativeTarget "MurmurHash-iOS" */;
			buildPhases = (
				029CB1F2220A9D6C00FA2648 /* Headers */,
				029CB1F3220A9D6C00FA2648 /* Sources */,
				029CB1F4220A9D6C00FA2648 /* Frameworks */,
				029CB1F5220A9D6C00FA2648 /* Resources */,
			);
			buildRules = (
			);
			dependencies = (
			);
			name = "MurmurHash-iOS";
			productName = MurmurHash;
			productReference = 029CB1F7220A9D6C00FA2648 /* MurmurHash.framework */;
			productType = "com.apple.product-type.framework";
		};
		029CB209220ACBD200FA2648 /* MurmurHashTests-iOS */ = {
			isa = PBXNativeTarget;
			buildConfigurationList = 029CB212220ACBD200FA2648 /* Build configuration list for PBXNativeTarget "MurmurHashTests-iOS" */;
			buildPhases = (
				029CB206220ACBD200FA2648 /* Sources */,
				029CB207220ACBD200FA2648 /* Frameworks */,
				029CB208220ACBD200FA2648 /* Resources */,
			);
			buildRules = (
			);
			dependencies = (
				029CB211220ACBD200FA2648 /* PBXTargetDependency */,
			);
			name = "MurmurHashTests-iOS";
			productName = MurmurHashTests;
			productReference = 029CB20A220ACBD200FA2648 /* MurmurHashTests-iOS.xctest */;
			productType = "com.apple.product-type.bundle.unit-test";
		};
/* End PBXNativeTarget section */

/* Begin PBXProject section */
		029CB1EE220A9D6C00FA2648 /* Project object */ = {
			isa = PBXProject;
			attributes = {
				LastSwiftUpdateCheck = 1010;
				LastUpgradeCheck = 1010;
				ORGANIZATIONNAME = MurmurHash;
				TargetAttributes = {
					029CB1F6220A9D6C00FA2648 = {
						CreatedOnToolsVersion = 10.1;
						LastSwiftMigration = 1010;
					};
					029CB209220ACBD200FA2648 = {
						CreatedOnToolsVersion = 10.1;
					};
				};
			};
			buildConfigurationList = 029CB1F1220A9D6C00FA2648 /* Build configuration list for PBXProject "MurmurHash" */;
			compatibilityVersion = "Xcode 9.3";
			developmentRegion = en;
			hasScannedForEncodings = 0;
			knownRegions = (
				en,
			);
			mainGroup = 029CB1ED220A9D6C00FA2648;
			productRefGroup = 029CB1F8220A9D6C00FA2648 /* Products */;
			projectDirPath = "";
			projectRoot = "";
			targets = (
				029CB1F6220A9D6C00FA2648 /* MurmurHash-iOS */,
				0290FBB7220C01610076E82F /* MurmurHash-macOS */,
				029CB209220ACBD200FA2648 /* MurmurHashTests-iOS */,
				0290FBC3220C03F40076E82F /* MurmurHashTests-macOS */,
			);
		};
/* End PBXProject section */

/* Begin PBXResourcesBuildPhase section */
		0290FBBD220C01610076E82F /* Resources */ = {
			isa = PBXResourcesBuildPhase;
			buildActionMask = 2147483647;
			files = (
			);
			runOnlyForDeploymentPostprocessing = 0;
		};
		0290FBCA220C03F40076E82F /* Resources */ = {
			isa = PBXResourcesBuildPhase;
			buildActionMask = 2147483647;
			files = (
			);
			runOnlyForDeploymentPostprocessing = 0;
		};
		029CB1F5220A9D6C00FA2648 /* Resources */ = {
			isa = PBXResourcesBuildPhase;
			buildActionMask = 2147483647;
			files = (
			);
			runOnlyForDeploymentPostprocessing = 0;
		};
		029CB208220ACBD200FA2648 /* Resources */ = {
			isa = PBXResourcesBuildPhase;
			buildActionMask = 2147483647;
			files = (
			);
			runOnlyForDeploymentPostprocessing = 0;
		};
/* End PBXResourcesBuildPhase section */

/* Begin PBXSourcesBuildPhase section */
		0290FBBA220C01610076E82F /* Sources */ = {
			isa = PBXSourcesBuildPhase;
			buildActionMask = 2147483647;
			files = (
				0290FBBB220C01610076E82F /* MurmurHash3.swift in Sources */,
			);
			runOnlyForDeploymentPostprocessing = 0;
		};
		0290FBC6220C03F40076E82F /* Sources */ = {
			isa = PBXSourcesBuildPhase;
			buildActionMask = 2147483647;
			files = (
				0290FBC7220C03F40076E82F /* MurmurHashTests.swift in Sources */,
			);
			runOnlyForDeploymentPostprocessing = 0;
		};
		029CB1F3220A9D6C00FA2648 /* Sources */ = {
			isa = PBXSourcesBuildPhase;
			buildActionMask = 2147483647;
			files = (
				029CB203220A9D8100FA2648 /* MurmurHash3.swift in Sources */,
			);
			runOnlyForDeploymentPostprocessing = 0;
		};
		029CB206220ACBD200FA2648 /* Sources */ = {
			isa = PBXSourcesBuildPhase;
			buildActionMask = 2147483647;
			files = (
				029CB20D220ACBD200FA2648 /* MurmurHashTests.swift in Sources */,
			);
			runOnlyForDeploymentPostprocessing = 0;
		};
/* End PBXSourcesBuildPhase section */

/* Begin PBXTargetDependency section */
		0290FBD3220C06090076E82F /* PBXTargetDependency */ = {
			isa = PBXTargetDependency;
			target = 0290FBB7220C01610076E82F /* MurmurHash-macOS */;
			targetProxy = 0290FBD2220C06090076E82F /* PBXContainerItemProxy */;
		};
		029CB211220ACBD200FA2648 /* PBXTargetDependency */ = {
			isa = PBXTargetDependency;
			target = 029CB1F6220A9D6C00FA2648 /* MurmurHash-iOS */;
			targetProxy = 029CB210220ACBD200FA2648 /* PBXContainerItemProxy */;
		};
/* End PBXTargetDependency section */

/* Begin XCBuildConfiguration section */
		0290FBBF220C01610076E82F /* Debug */ = {
			isa = XCBuildConfiguration;
			buildSettings = {
				CLANG_ENABLE_MODULES = YES;
				CODE_SIGN_IDENTITY = "";
				CODE_SIGN_STYLE = Automatic;
				DEFINES_MODULE = YES;
				DYLIB_COMPATIBILITY_VERSION = 1;
				DYLIB_CURRENT_VERSION = 1;
				DYLIB_INSTALL_NAME_BASE = "@rpath";
				INFOPLIST_FILE = MurmurHash/Info.plist;
				INSTALL_PATH = "$(LOCAL_LIBRARY_DIR)/Frameworks";
				LD_RUNPATH_SEARCH_PATHS = (
					"$(inherited)",
					"@executable_path/../Frameworks",
					"@loader_path/../Frameworks",
				);
				MACOSX_DEPLOYMENT_TARGET = 10.12;
				PRODUCT_BUNDLE_IDENTIFIER = com.MurmurHash.MurmurHash;
				PRODUCT_NAME = MurmurHash;
				SDKROOT = macosx;
				SKIP_INSTALL = YES;
				SWIFT_OPTIMIZATION_LEVEL = "-Onone";
				SWIFT_VERSION = 4.2;
				TARGETED_DEVICE_FAMILY = "1,2";
			};
			name = Debug;
		};
		0290FBC0220C01610076E82F /* Release */ = {
			isa = XCBuildConfiguration;
			buildSettings = {
				CLANG_ENABLE_MODULES = YES;
				CODE_SIGN_IDENTITY = "";
				CODE_SIGN_STYLE = Automatic;
				DEFINES_MODULE = YES;
				DYLIB_COMPATIBILITY_VERSION = 1;
				DYLIB_CURRENT_VERSION = 1;
				DYLIB_INSTALL_NAME_BASE = "@rpath";
				INFOPLIST_FILE = MurmurHash/Info.plist;
				INSTALL_PATH = "$(LOCAL_LIBRARY_DIR)/Frameworks";
				LD_RUNPATH_SEARCH_PATHS = (
					"$(inherited)",
					"@executable_path/../Frameworks",
					"@loader_path/../Frameworks",
				);
				MACOSX_DEPLOYMENT_TARGET = 10.12;
				PRODUCT_BUNDLE_IDENTIFIER = com.MurmurHash.MurmurHash;
				PRODUCT_NAME = MurmurHash;
				SDKROOT = macosx;
				SKIP_INSTALL = YES;
				SWIFT_VERSION = 4.2;
				TARGETED_DEVICE_FAMILY = "1,2";
			};
			name = Release;
		};
		0290FBCC220C03F40076E82F /* Debug */ = {
			isa = XCBuildConfiguration;
			buildSettings = {
				ALWAYS_EMBED_SWIFT_STANDARD_LIBRARIES = YES;
				CODE_SIGN_IDENTITY = "";
				CODE_SIGN_STYLE = Automatic;
				DEVELOPMENT_TEAM = "";
				INFOPLIST_FILE = MurmurHashTests/Info.plist;
				LD_RUNPATH_SEARCH_PATHS = (
					"$(inherited)",
					"@executable_path/../Frameworks",
					"@loader_path/../Frameworks",
				);
				PRODUCT_BUNDLE_IDENTIFIER = com.MurmurHash.MurmurHashTests;
				PRODUCT_NAME = "$(TARGET_NAME)";
				PROVISIONING_PROFILE_SPECIFIER = "";
				SDKROOT = macosx;
				SWIFT_VERSION = 4.2;
				TARGETED_DEVICE_FAMILY = "1,2";
			};
			name = Debug;
		};
		0290FBCD220C03F40076E82F /* Release */ = {
			isa = XCBuildConfiguration;
			buildSettings = {
				ALWAYS_EMBED_SWIFT_STANDARD_LIBRARIES = YES;
				CODE_SIGN_IDENTITY = "";
				CODE_SIGN_STYLE = Automatic;
				DEVELOPMENT_TEAM = "";
				INFOPLIST_FILE = MurmurHashTests/Info.plist;
				LD_RUNPATH_SEARCH_PATHS = (
					"$(inherited)",
					"@executable_path/../Frameworks",
					"@loader_path/../Frameworks",
				);
				PRODUCT_BUNDLE_IDENTIFIER = com.MurmurHash.MurmurHashTests;
				PRODUCT_NAME = "$(TARGET_NAME)";
				PROVISIONING_PROFILE_SPECIFIER = "";
				SDKROOT = macosx;
				SWIFT_VERSION = 4.2;
				TARGETED_DEVICE_FAMILY = "1,2";
			};
			name = Release;
		};
		029CB1FD220A9D6C00FA2648 /* Debug */ = {
			isa = XCBuildConfiguration;
			buildSettings = {
				ALWAYS_SEARCH_USER_PATHS = NO;
				CLANG_ANALYZER_NONNULL = YES;
				CLANG_ANALYZER_NUMBER_OBJECT_CONVERSION = YES_AGGRESSIVE;
				CLANG_CXX_LANGUAGE_STANDARD = "gnu++14";
				CLANG_CXX_LIBRARY = "libc++";
				CLANG_ENABLE_MODULES = YES;
				CLANG_ENABLE_OBJC_ARC = YES;
				CLANG_ENABLE_OBJC_WEAK = YES;
				CLANG_WARN_BLOCK_CAPTURE_AUTORELEASING = YES;
				CLANG_WARN_BOOL_CONVERSION = YES;
				CLANG_WARN_COMMA = YES;
				CLANG_WARN_CONSTANT_CONVERSION = YES;
				CLANG_WARN_DEPRECATED_OBJC_IMPLEMENTATIONS = YES;
				CLANG_WARN_DIRECT_OBJC_ISA_USAGE = YES_ERROR;
				CLANG_WARN_DOCUMENTATION_COMMENTS = YES;
				CLANG_WARN_EMPTY_BODY = YES;
				CLANG_WARN_ENUM_CONVERSION = YES;
				CLANG_WARN_INFINITE_RECURSION = YES;
				CLANG_WARN_INT_CONVERSION = YES;
				CLANG_WARN_NON_LITERAL_NULL_CONVERSION = YES;
				CLANG_WARN_OBJC_IMPLICIT_RETAIN_SELF = YES;
				CLANG_WARN_OBJC_LITERAL_CONVERSION = YES;
				CLANG_WARN_OBJC_ROOT_CLASS = YES_ERROR;
				CLANG_WARN_RANGE_LOOP_ANALYSIS = YES;
				CLANG_WARN_STRICT_PROTOTYPES = YES;
				CLANG_WARN_SUSPICIOUS_MOVE = YES;
				CLANG_WARN_UNGUARDED_AVAILABILITY = YES_AGGRESSIVE;
				CLANG_WARN_UNREACHABLE_CODE = YES;
				CLANG_WARN__DUPLICATE_METHOD_MATCH = YES;
				CODE_SIGN_IDENTITY = "";
				COPY_PHASE_STRIP = NO;
				CURRENT_PROJECT_VERSION = 1;
				DEBUG_INFORMATION_FORMAT = dwarf;
				ENABLE_STRICT_OBJC_MSGSEND = YES;
				ENABLE_TESTABILITY = YES;
				GCC_C_LANGUAGE_STANDARD = gnu11;
				GCC_DYNAMIC_NO_PIC = NO;
				GCC_NO_COMMON_BLOCKS = YES;
				GCC_OPTIMIZATION_LEVEL = 0;
				GCC_PREPROCESSOR_DEFINITIONS = (
					"DEBUG=1",
					"$(inherited)",
				);
				GCC_WARN_64_TO_32_BIT_CONVERSION = YES;
				GCC_WARN_ABOUT_RETURN_TYPE = YES_ERROR;
				GCC_WARN_UNDECLARED_SELECTOR = YES;
				GCC_WARN_UNINITIALIZED_AUTOS = YES_AGGRESSIVE;
				GCC_WARN_UNUSED_FUNCTION = YES;
				GCC_WARN_UNUSED_VARIABLE = YES;
				IPHONEOS_DEPLOYMENT_TARGET = 10.0;
				MACOSX_DEPLOYMENT_TARGET = 10.12;
				MTL_ENABLE_DEBUG_INFO = INCLUDE_SOURCE;
				MTL_FAST_MATH = YES;
				ONLY_ACTIVE_ARCH = YES;
				SDKROOT = iphoneos;
				SWIFT_ACTIVE_COMPILATION_CONDITIONS = DEBUG;
				SWIFT_OPTIMIZATION_LEVEL = "-Onone";
				VERSIONING_SYSTEM = "apple-generic";
				VERSION_INFO_PREFIX = "";
			};
			name = Debug;
		};
		029CB1FE220A9D6C00FA2648 /* Release */ = {
			isa = XCBuildConfiguration;
			buildSettings = {
				ALWAYS_SEARCH_USER_PATHS = NO;
				CLANG_ANALYZER_NONNULL = YES;
				CLANG_ANALYZER_NUMBER_OBJECT_CONVERSION = YES_AGGRESSIVE;
				CLANG_CXX_LANGUAGE_STANDARD = "gnu++14";
				CLANG_CXX_LIBRARY = "libc++";
				CLANG_ENABLE_MODULES = YES;
				CLANG_ENABLE_OBJC_ARC = YES;
				CLANG_ENABLE_OBJC_WEAK = YES;
				CLANG_WARN_BLOCK_CAPTURE_AUTORELEASING = YES;
				CLANG_WARN_BOOL_CONVERSION = YES;
				CLANG_WARN_COMMA = YES;
				CLANG_WARN_CONSTANT_CONVERSION = YES;
				CLANG_WARN_DEPRECATED_OBJC_IMPLEMENTATIONS = YES;
				CLANG_WARN_DIRECT_OBJC_ISA_USAGE = YES_ERROR;
				CLANG_WARN_DOCUMENTATION_COMMENTS = YES;
				CLANG_WARN_EMPTY_BODY = YES;
				CLANG_WARN_ENUM_CONVERSION = YES;
				CLANG_WARN_INFINITE_RECURSION = YES;
				CLANG_WARN_INT_CONVERSION = YES;
				CLANG_WARN_NON_LITERAL_NULL_CONVERSION = YES;
				CLANG_WARN_OBJC_IMPLICIT_RETAIN_SELF = YES;
				CLANG_WARN_OBJC_LITERAL_CONVERSION = YES;
				CLANG_WARN_OBJC_ROOT_CLASS = YES_ERROR;
				CLANG_WARN_RANGE_LOOP_ANALYSIS = YES;
				CLANG_WARN_STRICT_PROTOTYPES = YES;
				CLANG_WARN_SUSPICIOUS_MOVE = YES;
				CLANG_WARN_UNGUARDED_AVAILABILITY = YES_AGGRESSIVE;
				CLANG_WARN_UNREACHABLE_CODE = YES;
				CLANG_WARN__DUPLICATE_METHOD_MATCH = YES;
				CODE_SIGN_IDENTITY = "";
				COPY_PHASE_STRIP = NO;
				CURRENT_PROJECT_VERSION = 1;
				DEBUG_INFORMATION_FORMAT = "dwarf-with-dsym";
				ENABLE_NS_ASSERTIONS = NO;
				ENABLE_STRICT_OBJC_MSGSEND = YES;
				GCC_C_LANGUAGE_STANDARD = gnu11;
				GCC_NO_COMMON_BLOCKS = YES;
				GCC_WARN_64_TO_32_BIT_CONVERSION = YES;
				GCC_WARN_ABOUT_RETURN_TYPE = YES_ERROR;
				GCC_WARN_UNDECLARED_SELECTOR = YES;
				GCC_WARN_UNINITIALIZED_AUTOS = YES_AGGRESSIVE;
				GCC_WARN_UNUSED_FUNCTION = YES;
				GCC_WARN_UNUSED_VARIABLE = YES;
				IPHONEOS_DEPLOYMENT_TARGET = 10.0;
				MACOSX_DEPLOYMENT_TARGET = 10.12;
				MTL_ENABLE_DEBUG_INFO = NO;
				MTL_FAST_MATH = YES;
				SDKROOT = iphoneos;
				SWIFT_COMPILATION_MODE = wholemodule;
				SWIFT_OPTIMIZATION_LEVEL = "-O";
				VALIDATE_PRODUCT = YES;
				VERSIONING_SYSTEM = "apple-generic";
				VERSION_INFO_PREFIX = "";
			};
			name = Release;
		};
		029CB200220A9D6C00FA2648 /* Debug */ = {
			isa = XCBuildConfiguration;
			buildSettings = {
				CLANG_ENABLE_MODULES = YES;
				CODE_SIGN_IDENTITY = "";
				CODE_SIGN_STYLE = Automatic;
				DEFINES_MODULE = YES;
				DYLIB_COMPATIBILITY_VERSION = 1;
				DYLIB_CURRENT_VERSION = 1;
				DYLIB_INSTALL_NAME_BASE = "@rpath";
				INFOPLIST_FILE = MurmurHash/Info.plist;
				INSTALL_PATH = "$(LOCAL_LIBRARY_DIR)/Frameworks";
				LD_RUNPATH_SEARCH_PATHS = (
					"$(inherited)",
					"@executable_path/Frameworks",
					"@loader_path/Frameworks",
				);
				PRODUCT_BUNDLE_IDENTIFIER = com.MurmurHash.MurmurHash;
				PRODUCT_NAME = MurmurHash;
				SKIP_INSTALL = YES;
				SWIFT_OPTIMIZATION_LEVEL = "-Onone";
				SWIFT_VERSION = 4.2;
				TARGETED_DEVICE_FAMILY = "1,2";
			};
			name = Debug;
		};
		029CB201220A9D6C00FA2648 /* Release */ = {
			isa = XCBuildConfiguration;
			buildSettings = {
				CLANG_ENABLE_MODULES = YES;
				CODE_SIGN_IDENTITY = "";
				CODE_SIGN_STYLE = Automatic;
				DEFINES_MODULE = YES;
				DYLIB_COMPATIBILITY_VERSION = 1;
				DYLIB_CURRENT_VERSION = 1;
				DYLIB_INSTALL_NAME_BASE = "@rpath";
				INFOPLIST_FILE = MurmurHash/Info.plist;
				INSTALL_PATH = "$(LOCAL_LIBRARY_DIR)/Frameworks";
				LD_RUNPATH_SEARCH_PATHS = (
					"$(inherited)",
					"@executable_path/Frameworks",
					"@loader_path/Frameworks",
				);
				PRODUCT_BUNDLE_IDENTIFIER = com.MurmurHash.MurmurHash;
				PRODUCT_NAME = MurmurHash;
				SKIP_INSTALL = YES;
				SWIFT_VERSION = 4.2;
				TARGETED_DEVICE_FAMILY = "1,2";
			};
			name = Release;
		};
		029CB213220ACBD200FA2648 /* Debug */ = {
			isa = XCBuildConfiguration;
			buildSettings = {
				ALWAYS_EMBED_SWIFT_STANDARD_LIBRARIES = YES;
				CODE_SIGN_IDENTITY = "";
				CODE_SIGN_STYLE = Automatic;
				DEVELOPMENT_TEAM = "";
				INFOPLIST_FILE = MurmurHashTests/Info.plist;
				LD_RUNPATH_SEARCH_PATHS = (
					"$(inherited)",
					"@executable_path/Frameworks",
					"@loader_path/Frameworks",
				);
				PRODUCT_BUNDLE_IDENTIFIER = com.MurmurHash.MurmurHashTests;
				PRODUCT_NAME = "$(TARGET_NAME)";
				PROVISIONING_PROFILE_SPECIFIER = "";
				SWIFT_VERSION = 4.2;
				TARGETED_DEVICE_FAMILY = "1,2";
			};
			name = Debug;
		};
		029CB214220ACBD200FA2648 /* Release */ = {
			isa = XCBuildConfiguration;
			buildSettings = {
				ALWAYS_EMBED_SWIFT_STANDARD_LIBRARIES = YES;
				CODE_SIGN_IDENTITY = "";
				CODE_SIGN_STYLE = Automatic;
				DEVELOPMENT_TEAM = "";
				INFOPLIST_FILE = MurmurHashTests/Info.plist;
				LD_RUNPATH_SEARCH_PATHS = (
					"$(inherited)",
					"@executable_path/Frameworks",
					"@loader_path/Frameworks",
				);
				PRODUCT_BUNDLE_IDENTIFIER = com.MurmurHash.MurmurHashTests;
				PRODUCT_NAME = "$(TARGET_NAME)";
				PROVISIONING_PROFILE_SPECIFIER = "";
				SWIFT_VERSION = 4.2;
				TARGETED_DEVICE_FAMILY = "1,2";
			};
			name = Release;
		};
/* End XCBuildConfiguration section */

/* Begin XCConfigurationList section */
		0290FBBE220C01610076E82F /* Build configuration list for PBXNativeTarget "MurmurHash-macOS" */ = {
			isa = XCConfigurationList;
			buildConfigurations = (
				0290FBBF220C01610076E82F /* Debug */,
				0290FBC0220C01610076E82F /* Release */,
			);
			defaultConfigurationIsVisible = 0;
			defaultConfigurationName = Release;
		};
		0290FBCB220C03F40076E82F /* Build configuration list for PBXNativeTarget "MurmurHashTests-macOS" */ = {
			isa = XCConfigurationList;
			buildConfigurations = (
				0290FBCC220C03F40076E82F /* Debug */,
				0290FBCD220C03F40076E82F /* Release */,
			);
			defaultConfigurationIsVisible = 0;
			defaultConfigurationName = Release;
		};
		029CB1F1220A9D6C00FA2648 /* Build configuration list for PBXProject "MurmurHash" */ = {
			isa = XCConfigurationList;
			buildConfigurations = (
				029CB1FD220A9D6C00FA2648 /* Debug */,
				029CB1FE220A9D6C00FA2648 /* Release */,
			);
			defaultConfigurationIsVisible = 0;
			defaultConfigurationName = Release;
		};
		029CB1FF220A9D6C00FA2648 /* Build configuration list for PBXNativeTarget "MurmurHash-iOS" */ = {
			isa = XCConfigurationList;
			buildConfigurations = (
				029CB200220A9D6C00FA2648 /* Debug */,
				029CB201220A9D6C00FA2648 /* Release */,
			);
			defaultConfigurationIsVisible = 0;
			defaultConfigurationName = Release;
		};
		029CB212220ACBD200FA2648 /* Build configuration list for PBXNativeTarget "MurmurHashTests-iOS" */ = {
			isa = XCConfigurationList;
			buildConfigurations = (
				029CB213220ACBD200FA2648 /* Debug */,
				029CB214220ACBD200FA2648 /* Release */,
			);
			defaultConfigurationIsVisible = 0;
			defaultConfigurationName = Release;
		};
/* End XCConfigurationList section */
	};
	rootObject = 029CB1EE220A9D6C00FA2648 /* Project object */;
}
